// !$*UTF8*$!
{
	archiveVersion = 1;
	classes = {
	};
	objectVersion = 77;
	objects = {

/* Begin PBXContainerItemProxy section */
		8E1A11822DC776780096DC50 /* PBXContainerItemProxy */ = {
			isa = PBXContainerItemProxy;
			containerPortal = 8E1A11632DC776760096DC50 /* Project object */;
			proxyType = 1;
			remoteGlobalIDString = 8E1A116A2DC776760096DC50;
			remoteInfo = TriangleApp;
		};
		8E1A118C2DC776780096DC50 /* PBXContainerItemProxy */ = {
			isa = PBXContainerItemProxy;
			containerPortal = 8E1A11632DC776760096DC50 /* Project object */;
			proxyType = 1;
			remoteGlobalIDString = 8E1A116A2DC776760096DC50;
			remoteInfo = TriangleApp;
		};
/* End PBXContainerItemProxy section */

/* Begin PBXFileReference section */
		8E1A116B2DC776760096DC50 /* TriangleApp.app */ = {isa = PBXFileReference; explicitFileType = wrapper.application; includeInIndex = 0; path = TriangleApp.app; sourceTree = BUILT_PRODUCTS_DIR; };
		8E1A11812DC776780096DC50 /* TriangleAppTests.xctest */ = {isa = PBXFileReference; explicitFileType = wrapper.cfbundle; includeInIndex = 0; path = TriangleAppTests.xctest; sourceTree = BUILT_PRODUCTS_DIR; };
		8E1A118B2DC776780096DC50 /* TriangleAppUITests.xctest */ = {isa = PBXFileReference; explicitFileType = wrapper.cfbundle; includeInIndex = 0; path = TriangleAppUITests.xctest; sourceTree = BUILT_PRODUCTS_DIR; };
/* End PBXFileReference section */

/* Begin PBXFileSystemSynchronizedBuildFileExceptionSet section */
		8E1A11932DC776780096DC50 /* Exceptions for "TriangleApp" folder in "TriangleApp" target */ = {
			isa = PBXFileSystemSynchronizedBuildFileExceptionSet;
			membershipExceptions = (
				Info.plist,
			);
			target = 8E1A116A2DC776760096DC50 /* TriangleApp */;
		};
/* End PBXFileSystemSynchronizedBuildFileExceptionSet section */

/* Begin PBXFileSystemSynchronizedRootGroup section */
		8E1A116D2DC776760096DC50 /* TriangleApp */ = {
			isa = PBXFileSystemSynchronizedRootGroup;
			exceptions = (
				8E1A11932DC776780096DC50 /* Exceptions for "TriangleApp" folder in "TriangleApp" target */,
			);
			path = TriangleApp;
			sourceTree = "<group>";
		};
		8E1A11842DC776780096DC50 /* TriangleAppTests */ = {
			isa = PBXFileSystemSynchronizedRootGroup;
			path = TriangleAppTests;
			sourceTree = "<group>";
		};
		8E1A118E2DC776780096DC50 /* TriangleAppUITests */ = {
			isa = PBXFileSystemSynchronizedRootGroup;
			path = TriangleAppUITests;
			sourceTree = "<group>";
		};
/* End PBXFileSystemSynchronizedRootGroup section */

/* Begin PBXFrameworksBuildPhase section */
		8E1A11682DC776760096DC50 /* Frameworks */ = {
			isa = PBXFrameworksBuildPhase;
			buildActionMask = 2147483647;
			files = (
			);
			runOnlyForDeploymentPostprocessing = 0;
		};
		8E1A117E2DC776780096DC50 /* Frameworks */ = {
			isa = PBXFrameworksBuildPhase;
			buildActionMask = 2147483647;
			files = (
			);
			runOnlyForDeploymentPostprocessing = 0;
		};
		8E1A11882DC776780096DC50 /* Frameworks */ = {
			isa = PBXFrameworksBuildPhase;
			buildActionMask = 2147483647;
			files = (
			);
			runOnlyForDeploymentPostprocessing = 0;
		};
/* End PBXFrameworksBuildPhase section */

/* Begin PBXGroup section */
		8E1A11622DC776760096DC50 = {
			isa = PBXGroup;
			children = (
				8E1A116D2DC776760096DC50 /* TriangleApp */,
				8E1A11842DC776780096DC50 /* TriangleAppTests */,
				8E1A118E2DC776780096DC50 /* TriangleAppUITests */,
				8E1A116C2DC776760096DC50 /* Products */,
			);
			sourceTree = "<group>";
		};
		8E1A116C2DC776760096DC50 /* Products */ = {
			isa = PBXGroup;
			children = (
				8E1A116B2DC776760096DC50 /* TriangleApp.app */,
				8E1A11812DC776780096DC50 /* TriangleAppTests.xctest */,
				8E1A118B2DC776780096DC50 /* TriangleAppUITests.xctest */,
			);
			name = Products;
			sourceTree = "<group>";
		};
/* End PBXGroup section */

/* Begin PBXNativeTarget section */
		8E1A116A2DC776760096DC50 /* TriangleApp */ = {
			isa = PBXNativeTarget;
			buildConfigurationList = 8E1A11942DC776780096DC50 /* Build configuration list for PBXNativeTarget "TriangleApp" */;
			buildPhases = (
				8E1A11672DC776760096DC50 /* Sources */,
				8E1A11682DC776760096DC50 /* Frameworks */,
				8E1A11692DC776760096DC50 /* Resources */,
			);
			buildRules = (
			);
			dependencies = (
			);
			fileSystemSynchronizedGroups = (
				8E1A116D2DC776760096DC50 /* TriangleApp */,
			);
			name = TriangleApp;
			packageProductDependencies = (
			);
			productName = TriangleApp;
			productReference = 8E1A116B2DC776760096DC50 /* TriangleApp.app */;
			productType = "com.apple.product-type.application";
		};
		8E1A11802DC776780096DC50 /* TriangleAppTests */ = {
			isa = PBXNativeTarget;
			buildConfigurationList = 8E1A11992DC776780096DC50 /* Build configuration list for PBXNativeTarget "TriangleAppTests" */;
			buildPhases = (
				8E1A117D2DC776780096DC50 /* Sources */,
				8E1A117E2DC776780096DC50 /* Frameworks */,
				8E1A117F2DC776780096DC50 /* Resources */,
			);
			buildRules = (
			);
			dependencies = (
				8E1A11832DC776780096DC50 /* PBXTargetDependency */,
			);
			fileSystemSynchronizedGroups = (
				8E1A11842DC776780096DC50 /* TriangleAppTests */,
			);
			name = TriangleAppTests;
			packageProductDependencies = (
			);
			productName = TriangleAppTests;
			productReference = 8E1A11812DC776780096DC50 /* TriangleAppTests.xctest */;
			productType = "com.apple.product-type.bundle.unit-test";
		};
		8E1A118A2DC776780096DC50 /* TriangleAppUITests */ = {
			isa = PBXNativeTarget;
			buildConfigurationList = 8E1A119C2DC776780096DC50 /* Build configuration list for PBXNativeTarget "TriangleAppUITests" */;
			buildPhases = (
				8E1A11872DC776780096DC50 /* Sources */,
				8E1A11882DC776780096DC50 /* Frameworks */,
				8E1A11892DC776780096DC50 /* Resources */,
			);
			buildRules = (
			);
			dependencies = (
				8E1A118D2DC776780096DC50 /* PBXTargetDependency */,
			);
			fileSystemSynchronizedGroups = (
				8E1A118E2DC776780096DC50 /* TriangleAppUITests */,
			);
			name = TriangleAppUITests;
			packageProductDependencies = (
			);
			productName = TriangleAppUITests;
			productReference = 8E1A118B2DC776780096DC50 /* TriangleAppUITests.xctest */;
			productType = "com.apple.product-type.bundle.ui-testing";
		};
/* End PBXNativeTarget section */

/* Begin PBXProject section */
		8E1A11632DC776760096DC50 /* Project object */ = {
			isa = PBXProject;
			attributes = {
				BuildIndependentTargetsInParallel = 1;
				LastSwiftUpdateCheck = 1610;
				LastUpgradeCheck = 1610;
				TargetAttributes = {
					8E1A116A2DC776760096DC50 = {
						CreatedOnToolsVersion = 16.1;
					};
					8E1A11802DC776780096DC50 = {
						CreatedOnToolsVersion = 16.1;
						TestTargetID = 8E1A116A2DC776760096DC50;
					};
					8E1A118A2DC776780096DC50 = {
						CreatedOnToolsVersion = 16.1;
						TestTargetID = 8E1A116A2DC776760096DC50;
					};
				};
			};
			buildConfigurationList = 8E1A11662DC776760096DC50 /* Build configuration list for PBXProject "TriangleApp" */;
			developmentRegion = en;
			hasScannedForEncodings = 0;
			knownRegions = (
				en,
				Base,
			);
			mainGroup = 8E1A11622DC776760096DC50;
			minimizedProjectReferenceProxies = 1;
			preferredProjectObjectVersion = 77;
			productRefGroup = 8E1A116C2DC776760096DC50 /* Products */;
			projectDirPath = "";
			projectRoot = "";
			targets = (
				8E1A116A2DC776760096DC50 /* TriangleApp */,
				8E1A11802DC776780096DC50 /* TriangleAppTests */,
				8E1A118A2DC776780096DC50 /* TriangleAppUITests */,
			);
		};
/* End PBXProject section */

/* Begin PBXResourcesBuildPhase section */
		8E1A11692DC776760096DC50 /* Resources */ = {
			isa = PBXResourcesBuildPhase;
			buildActionMask = 2147483647;
			files = (
			);
			runOnlyForDeploymentPostprocessing = 0;
		};
		8E1A117F2DC776780096DC50 /* Resources */ = {
			isa = PBXResourcesBuildPhase;
			buildActionMask = 2147483647;
			files = (
			);
			runOnlyForDeploymentPostprocessing = 0;
		};
		8E1A11892DC776780096DC50 /* Resources */ = {
			isa = PBXResourcesBuildPhase;
			buildActionMask = 2147483647;
			files = (
			);
			runOnlyForDeploymentPostprocessing = 0;
		};
/* End PBXResourcesBuildPhase section */

/* Begin PBXSourcesBuildPhase section */
		8E1A11672DC776760096DC50 /* Sources */ = {
			isa = PBXSourcesBuildPhase;
			buildActionMask = 2147483647;
			files = (
			);
			runOnlyForDeploymentPostprocessing = 0;
		};
		8E1A117D2DC776780096DC50 /* Sources */ = {
			isa = PBXSourcesBuildPhase;
			buildActionMask = 2147483647;
			files = (
			);
			runOnlyForDeploymentPostprocessing = 0;
		};
		8E1A11872DC776780096DC50 /* Sources */ = {
			isa = PBXSourcesBuildPhase;
			buildActionMask = 2147483647;
			files = (
			);
			runOnlyForDeploymentPostprocessing = 0;
		};
/* End PBXSourcesBuildPhase section */

/* Begin PBXTargetDependency section */
		8E1A11832DC776780096DC50 /* PBXTargetDependency */ = {
			isa = PBXTargetDependency;
			target = 8E1A116A2DC776760096DC50 /* TriangleApp */;
			targetProxy = 8E1A11822DC776780096DC50 /* PBXContainerItemProxy */;
		};
		8E1A118D2DC776780096DC50 /* PBXTargetDependency */ = {
			isa = PBXTargetDependency;
			target = 8E1A116A2DC776760096DC50 /* TriangleApp */;
			targetProxy = 8E1A118C2DC776780096DC50 /* PBXContainerItemProxy */;
		};
/* End PBXTargetDependency section */

/* Begin XCBuildConfiguration section */
		8E1A11952DC776780096DC50 /* Debug */ = {
			isa = XCBuildConfiguration;
			buildSettings = {
				ASSETCATALOG_COMPILER_APPICON_NAME = AppIcon;
				ASSETCATALOG_COMPILER_GLOBAL_ACCENT_COLOR_NAME = AccentColor;
				CODE_SIGN_STYLE = Automatic;
				CURRENT_PROJECT_VERSION = 1;
				DEVELOPMENT_TEAM = VDKL999663;
				GENERATE_INFOPLIST_FILE = YES;
				INFOPLIST_FILE = TriangleApp/Info.plist;
				INFOPLIST_KEY_UIApplicationSupportsIndirectInputEvents = YES;
				INFOPLIST_KEY_UILaunchStoryboardName = LaunchScreen;
				INFOPLIST_KEY_UIMainStoryboardFile = Main;
				INFOPLIST_KEY_UISupportedInterfaceOrientations_iPad = "UIInterfaceOrientationPortrait UIInterfaceOrientationPortraitUpsideDown UIInterfaceOrientationLandscapeLeft UIInterfaceOrientationLandscapeRight";
				INFOPLIST_KEY_UISupportedInterfaceOrientations_iPhone = "UIInterfaceOrientationPortrait UIInterfaceOrientationLandscapeLeft UIInterfaceOrientationLandscapeRight";
				LD_RUNPATH_SEARCH_PATHS = (
					"$(inherited)",
					"@executable_path/Frameworks",
				);
				MARKETING_VERSION = 1.0;
				PRODUCT_BUNDLE_IDENTIFIER = com.dicoding.academy.TriangleApp;
				PRODUCT_NAME = "$(TARGET_NAME)";
				SWIFT_EMIT_LOC_STRINGS = YES;
				SWIFT_VERSION = 5.0;
				TARGETED_DEVICE_FAMILY = "1,2";
			};
			name = Debug;
		};
		8E1A11962DC776780096DC50 /* Release */ = {
			isa = XCBuildConfiguration;
			buildSettings = {
				ASSETCATALOG_COMPILER_APPICON_NAME = AppIcon;
				ASSETCATALOG_COMPILER_GLOBAL_ACCENT_COLOR_NAME = AccentColor;
				CODE_SIGN_STYLE = Automatic;
				CURRENT_PROJECT_VERSION = 1;
				DEVELOPMENT_TEAM = VDKL999663;
				GENERATE_INFOPLIST_FILE = YES;
				INFOPLIST_FILE = TriangleApp/Info.plist;
				INFOPLIST_KEY_UIApplicationSupportsIndirectInputEvents = YES;
				INFOPLIST_KEY_UILaunchStoryboardName = LaunchScreen;
				INFOPLIST_KEY_UIMainStoryboardFile = Main;
				INFOPLIST_KEY_UISupportedInterfaceOrientations_iPad = "UIInterfaceOrientationPortrait UIInterfaceOrientationPortraitUpsideDown UIInterfaceOrientationLandscapeLeft UIInterfaceOrientationLandscapeRight";
				INFOPLIST_KEY_UISupportedInterfaceOrientations_iPhone = "UIInterfaceOrientationPortrait UIInterfaceOrientationLandscapeLeft UIInterfaceOrientationLandscapeRight";
				LD_RUNPATH_SEARCH_PATHS = (
					"$(inherited)",
					"@executable_path/Frameworks",
				);
				MARKETING_VERSION = 1.0;
				PRODUCT_BUNDLE_IDENTIFIER = com.dicoding.academy.TriangleApp;
				PRODUCT_NAME = "$(TARGET_NAME)";
				SWIFT_EMIT_LOC_STRINGS = YES;
				SWIFT_VERSION = 5.0;
				TARGETED_DEVICE_FAMILY = "1,2";
			};
			name = Release;
		};
		8E1A11972DC776780096DC50 /* Debug */ = {
			isa = XCBuildConfiguration;
			buildSettings = {
				ALWAYS_SEARCH_USER_PATHS = NO;
				ASSETCATALOG_COMPILER_GENERATE_SWIFT_ASSET_SYMBOL_EXTENSIONS = YES;
				CLANG_ANALYZER_NONNULL = YES;
				CLANG_ANALYZER_NUMBER_OBJECT_CONVERSION = YES_AGGRESSIVE;
				CLANG_CXX_LANGUAGE_STANDARD = "gnu++20";
				CLANG_ENABLE_MODULES = YES;
				CLANG_ENABLE_OBJC_ARC = YES;
				CLANG_ENABLE_OBJC_WEAK = YES;
				CLANG_WARN_BLOCK_CAPTURE_AUTORELEASING = YES;
				CLANG_WARN_BOOL_CONVERSION = YES;
				CLANG_WARN_COMMA = YES;
				CLANG_WARN_CONSTANT_CONVERSION = YES;
				CLANG_WARN_DEPRECATED_OBJC_IMPLEMENTATIONS = YES;
				CLANG_WARN_DIRECT_OBJC_ISA_USAGE = YES_ERROR;
				CLANG_WARN_DOCUMENTATION_COMMENTS = YES;
				CLANG_WARN_EMPTY_BODY = YES;
				CLANG_WARN_ENUM_CONVERSION = YES;
				CLANG_WARN_INFINITE_RECURSION = YES;
				CLANG_WARN_INT_CONVERSION = YES;
				CLANG_WARN_NON_LITERAL_NULL_CONVERSION = YES;
				CLANG_WARN_OBJC_IMPLICIT_RETAIN_SELF = YES;
				CLANG_WARN_OBJC_LITERAL_CONVERSION = YES;
				CLANG_WARN_OBJC_ROOT_CLASS = YES_ERROR;
				CLANG_WARN_QUOTED_INCLUDE_IN_FRAMEWORK_HEADER = YES;
				CLANG_WARN_RANGE_LOOP_ANALYSIS = YES;
				CLANG_WARN_STRICT_PROTOTYPES = YES;
				CLANG_WARN_SUSPICIOUS_MOVE = YES;
				CLANG_WARN_UNGUARDED_AVAILABILITY = YES_AGGRESSIVE;
				CLANG_WARN_UNREACHABLE_CODE = YES;
				CLANG_WARN__DUPLICATE_METHOD_MATCH = YES;
				COPY_PHASE_STRIP = NO;
				DEBUG_INFORMATION_FORMAT = dwarf;
				ENABLE_STRICT_OBJC_MSGSEND = YES;
				ENABLE_TESTABILITY = YES;
				ENABLE_USER_SCRIPT_SANDBOXING = YES;
				GCC_C_LANGUAGE_STANDARD = gnu17;
				GCC_DYNAMIC_NO_PIC = NO;
				GCC_NO_COMMON_BLOCKS = YES;
				GCC_OPTIMIZATION_LEVEL = 0;
				GCC_PREPROCESSOR_DEFINITIONS = (
					"DEBUG=1",
					"$(inherited)",
				);
				GCC_WARN_64_TO_32_BIT_CONVERSION = YES;
				GCC_WARN_ABOUT_RETURN_TYPE = YES_ERROR;
				GCC_WARN_UNDECLARED_SELECTOR = YES;
				GCC_WARN_UNINITIALIZED_AUTOS = YES_AGGRESSIVE;
				GCC_WARN_UNUSED_FUNCTION = YES;
				GCC_WARN_UNUSED_VARIABLE = YES;
				IPHONEOS_DEPLOYMENT_TARGET = 18.1;
				LOCALIZATION_PREFERS_STRING_CATALOGS = YES;
				MTL_ENABLE_DEBUG_INFO = INCLUDE_SOURCE;
				MTL_FAST_MATH = YES;
				ONLY_ACTIVE_ARCH = YES;
				SDKROOT = iphoneos;
				SWIFT_ACTIVE_COMPILATION_CONDITIONS = "DEBUG $(inherited)";
				SWIFT_OPTIMIZATION_LEVEL = "-Onone";
			};
			name = Debug;
		};
		8E1A11982DC776780096DC50 /* Release */ = {
			isa = XCBuildConfiguration;
			buildSettings = {
				ALWAYS_SEARCH_USER_PATHS = NO;
				ASSETCATALOG_COMPILER_GENERATE_SWIFT_ASSET_SYMBOL_EXTENSIONS = YES;
				CLANG_ANALYZER_NONNULL = YES;
				CLANG_ANALYZER_NUMBER_OBJECT_CONVERSION = YES_AGGRESSIVE;
				CLANG_CXX_LANGUAGE_STANDARD = "gnu++20";
				CLANG_ENABLE_MODULES = YES;
				CLANG_ENABLE_OBJC_ARC = YES;
				CLANG_ENABLE_OBJC_WEAK = YES;
				CLANG_WARN_BLOCK_CAPTURE_AUTORELEASING = YES;
				CLANG_WARN_BOOL_CONVERSION = YES;
				CLANG_WARN_COMMA = YES;
				CLANG_WARN_CONSTANT_CONVERSION = YES;
				CLANG_WARN_DEPRECATED_OBJC_IMPLEMENTATIONS = YES;
				CLANG_WARN_DIRECT_OBJC_ISA_USAGE = YES_ERROR;
				CLANG_WARN_DOCUMENTATION_COMMENTS = YES;
				CLANG_WARN_EMPTY_BODY = YES;
				CLANG_WARN_ENUM_CONVERSION = YES;
				CLANG_WARN_INFINITE_RECURSION = YES;
				CLANG_WARN_INT_CONVERSION = YES;
				CLANG_WARN_NON_LITERAL_NULL_CONVERSION = YES;
				CLANG_WARN_OBJC_IMPLICIT_RETAIN_SELF = YES;
				CLANG_WARN_OBJC_LITERAL_CONVERSION = YES;
				CLANG_WARN_OBJC_ROOT_CLASS = YES_ERROR;
				CLANG_WARN_QUOTED_INCLUDE_IN_FRAMEWORK_HEADER = YES;
				CLANG_WARN_RANGE_LOOP_ANALYSIS = YES;
				CLANG_WARN_STRICT_PROTOTYPES = YES;
				CLANG_WARN_SUSPICIOUS_MOVE = YES;
				CLANG_WARN_UNGUARDED_AVAILABILITY = YES_AGGRESSIVE;
				CLANG_WARN_UNREACHABLE_CODE = YES;
				CLANG_WARN__DUPLICATE_METHOD_MATCH = YES;
				COPY_PHASE_STRIP = NO;
				DEBUG_INFORMATION_FORMAT = "dwarf-with-dsym";
				ENABLE_NS_ASSERTIONS = NO;
				ENABLE_STRICT_OBJC_MSGSEND = YES;
				ENABLE_USER_SCRIPT_SANDBOXING = YES;
				GCC_C_LANGUAGE_STANDARD = gnu17;
				GCC_NO_COMMON_BLOCKS = YES;
				GCC_WARN_64_TO_32_BIT_CONVERSION = YES;
				GCC_WARN_ABOUT_RETURN_TYPE = YES_ERROR;
				GCC_WARN_UNDECLARED_SELECTOR = YES;
				GCC_WARN_UNINITIALIZED_AUTOS = YES_AGGRESSIVE;
				GCC_WARN_UNUSED_FUNCTION = YES;
				GCC_WARN_UNUSED_VARIABLE = YES;
				IPHONEOS_DEPLOYMENT_TARGET = 18.1;
				LOCALIZATION_PREFERS_STRING_CATALOGS = YES;
				MTL_ENABLE_DEBUG_INFO = NO;
				MTL_FAST_MATH = YES;
				SDKROOT = iphoneos;
				SWIFT_COMPILATION_MODE = wholemodule;
				VALIDATE_PRODUCT = YES;
			};
			name = Release;
		};
		8E1A119A2DC776780096DC50 /* Debug */ = {
			isa = XCBuildConfiguration;
			buildSettings = {
				BUNDLE_LOADER = "$(TEST_HOST)";
				CODE_SIGN_STYLE = Automatic;
				CURRENT_PROJECT_VERSION = 1;
				DEVELOPMENT_TEAM = VDKL999663;
				GENERATE_INFOPLIST_FILE = YES;
				IPHONEOS_DEPLOYMENT_TARGET = 18.1;
				MARKETING_VERSION = 1.0;
				PRODUCT_BUNDLE_IDENTIFIER = com.dicoding.academy.TriangleAppTests;
				PRODUCT_NAME = "$(TARGET_NAME)";
				SWIFT_EMIT_LOC_STRINGS = NO;
				SWIFT_VERSION = 5.0;
				TARGETED_DEVICE_FAMILY = "1,2";
				TEST_HOST = "$(BUILT_PRODUCTS_DIR)/TriangleApp.app/$(BUNDLE_EXECUTABLE_FOLDER_PATH)/TriangleApp";
			};
			name = Debug;
		};
		8E1A119B2DC776780096DC50 /* Release */ = {
			isa = XCBuildConfiguration;
			buildSettings = {
				BUNDLE_LOADER = "$(TEST_HOST)";
				CODE_SIGN_STYLE = Automatic;
				CURRENT_PROJECT_VERSION = 1;
				DEVELOPMENT_TEAM = VDKL999663;
				GENERATE_INFOPLIST_FILE = YES;
				IPHONEOS_DEPLOYMENT_TARGET = 18.1;
				MARKETING_VERSION = 1.0;
				PRODUCT_BUNDLE_IDENTIFIER = com.dicoding.academy.TriangleAppTests;
				PRODUCT_NAME = "$(TARGET_NAME)";
				SWIFT_EMIT_LOC_STRINGS = NO;
				SWIFT_VERSION = 5.0;
				TARGETED_DEVICE_FAMILY = "1,2";
				TEST_HOST = "$(BUILT_PRODUCTS_DIR)/TriangleApp.app/$(BUNDLE_EXECUTABLE_FOLDER_PATH)/TriangleApp";
			};
			name = Release;
		};
		8E1A119D2DC776780096DC50 /* Debug */ = {
			isa = XCBuildConfiguration;
			buildSettings = {
				CODE_SIGN_STYLE = Automatic;
				CURRENT_PROJECT_VERSION = 1;
				DEVELOPMENT_TEAM = VDKL999663;
				GENERATE_INFOPLIST_FILE = YES;
				MARKETING_VERSION = 1.0;
				PRODUCT_BUNDLE_IDENTIFIER = com.dicoding.academy.TriangleAppUITests;
				PRODUCT_NAME = "$(TARGET_NAME)";
				SWIFT_EMIT_LOC_STRINGS = NO;
				SWIFT_VERSION = 5.0;
				TARGETED_DEVICE_FAMILY = "1,2";
				TEST_TARGET_NAME = TriangleApp;
			};
			name = Debug;
		};
		8E1A119E2DC776780096DC50 /* Release */ = {
			isa = XCBuildConfiguration;
			buildSettings = {
				CODE_SIGN_STYLE = Automatic;
				CURRENT_PROJECT_VERSION = 1;
				DEVELOPMENT_TEAM = VDKL999663;
				GENERATE_INFOPLIST_FILE = YES;
				MARKETING_VERSION = 1.0;
				PRODUCT_BUNDLE_IDENTIFIER = com.dicoding.academy.TriangleAppUITests;
				PRODUCT_NAME = "$(TARGET_NAME)";
				SWIFT_EMIT_LOC_STRINGS = NO;
				SWIFT_VERSION = 5.0;
				TARGETED_DEVICE_FAMILY = "1,2";
				TEST_TARGET_NAME = TriangleApp;
			};
			name = Release;
		};
/* End XCBuildConfiguration section */

/* Begin XCConfigurationList section */
		8E1A11662DC776760096DC50 /* Build configuration list for PBXProject "TriangleApp" */ = {
			isa = XCConfigurationList;
			buildConfigurations = (
				8E1A11972DC776780096DC50 /* Debug */,
				8E1A11982DC776780096DC50 /* Release */,
			);
			defaultConfigurationIsVisible = 0;
			defaultConfigurationName = Release;
		};
		8E1A11942DC776780096DC50 /* Build configuration list for PBXNativeTarget "TriangleApp" */ = {
			isa = XCConfigurationList;
			buildConfigurations = (
				8E1A11952DC776780096DC50 /* Debug */,
				8E1A11962DC776780096DC50 /* Release */,
			);
			defaultConfigurationIsVisible = 0;
			defaultConfigurationName = Release;
		};
		8E1A11992DC776780096DC50 /* Build configuration list for PBXNativeTarget "TriangleAppTests" */ = {
			isa = XCConfigurationList;
			buildConfigurations = (
				8E1A119A2DC776780096DC50 /* Debug */,
				8E1A119B2DC776780096DC50 /* Release */,
			);
			defaultConfigurationIsVisible = 0;
			defaultConfigurationName = Release;
		};
		8E1A119C2DC776780096DC50 /* Build configuration list for PBXNativeTarget "TriangleAppUITests" */ = {
			isa = XCConfigurationList;
			buildConfigurations = (
				8E1A119D2DC776780096DC50 /* Debug */,
				8E1A119E2DC776780096DC50 /* Release */,
			);
			defaultConfigurationIsVisible = 0;
			defaultConfigurationName = Release;
		};
/* End XCConfigurationList section */
	};
	rootObject = 8E1A11632DC776760096DC50 /* Project object */;
}
